{
  "version": 4,
  "terraform_version": "1.13.3",
  "serial": 26,
  "lineage": "e6d6357f-0d65-4408-f6f3-3ece5225a484",
  "outputs": {
    "alb_dns": {
      "value": "veribits-alb-1472450181.us-east-1.elb.amazonaws.com",
      "type": "string"
    },
    "certificate_arn": {
      "value": "arn:aws:acm:us-east-1:515966511618:certificate/1b11e755-3db4-4104-9f22-e4b980bd57e5",
      "type": "string"
    },
    "certificate_status": {
      "value": "PENDING_VALIDATION",
      "type": "string"
    },
    "cognito_client_id": {
      "value": "7pteinmo3h02nbaus926n81h7h",
      "type": "string"
    },
    "cognito_user_pool_id": {
      "value": "us-east-1_wCnSfCwUy",
      "type": "string"
    },
    "db_endpoint": {
      "value": "nitetext-db.c3iuy64is41m.us-east-1.rds.amazonaws.com",
      "type": "string",
      "sensitive": true
    },
    "dns_setup_instructions": {
      "value": "========================================\nIMPORTANT: DNS Setup Required\n========================================\nA new Route53 hosted zone has been created for veribits.com\nYou MUST update your domain registrar with these name servers:\nns-103.awsdns-12.com\nns-1381.awsdns-44.org\nns-1749.awsdns-26.co.uk\nns-820.awsdns-38.net\n\nSteps:\n1. Log in to your domain registrar (where you bought veribits.com)\n2. Find the DNS/Nameserver settings\n3. Replace the current nameservers with the ones above\n4. Save changes\n\nDNS propagation can take 24-48 hours.\n========================================",
      "type": "string"
    },
    "ecr_repo": {
      "value": "515966511618.dkr.ecr.us-east-1.amazonaws.com/veribits-api",
      "type": "string"
    },
    "route53_name_servers": {
      "value": [
        "ns-103.awsdns-12.com",
        "ns-1381.awsdns-44.org",
        "ns-1749.awsdns-26.co.uk",
        "ns-820.awsdns-38.net"
      ],
      "type": [
        "list",
        "string"
      ]
    },
    "route53_zone_id": {
      "value": "Z08131853P82ZUKIO9VC9",
      "type": "string"
    },
    "ssl_info": {
      "value": "SSL Certificate configured for:\n- veribits.com\n- www.veribits.com\n\nHTTP (port 80) automatically redirects to HTTPS (port 443)\nTLS Policy: TLS 1.3 (ELBSecurityPolicy-TLS13-1-2-2021-06)\n",
      "type": "string"
    },
    "veribits_domain": {
      "value": "https://veribits.com",
      "type": "string"
    },
    "vpc_id": {
      "value": "vpc-0c1b813880b3982a5",
      "type": "string"
    }
  },
  "resources": [
    {
      "mode": "data",
      "type": "aws_db_instance",
      "name": "afterdarksys_pg",
      "provider": "provider[\"registry.terraform.io/hashicorp/aws\"]",
      "instances": [
        {
          "schema_version": 0,
          "attributes": {
            "address": "nitetext-db.c3iuy64is41m.us-east-1.rds.amazonaws.com",
            "allocated_storage": 50,
            "auto_minor_version_upgrade": true,
            "availability_zone": "us-east-1a",
            "backup_retention_period": 35,
            "ca_cert_identifier": "rds-ca-rsa2048-g1",
            "database_insights_mode": "standard",
            "db_cluster_identifier": "",
            "db_instance_arn": "arn:aws:rds:us-east-1:515966511618:db:nitetext-db",
            "db_instance_class": "db.t3.medium",
            "db_instance_identifier": "nitetext-db",
            "db_instance_port": 0,
            "db_name": "",
            "db_parameter_groups": [
              "nitetext-db-params"
            ],
            "db_subnet_group": "nitetext-afterdark-db-subnet-group",
            "enabled_cloudwatch_logs_exports": [
              "postgresql",
              "upgrade"
            ],
            "endpoint": "nitetext-db.c3iuy64is41m.us-east-1.rds.amazonaws.com:5432",
            "engine": "postgres",
            "engine_version": "15.12",
            "hosted_zone_id": "Z2R2ITUGPM61AM",
            "id": "nitetext-db",
            "iops": 3000,
            "kms_key_id": "arn:aws:kms:us-east-1:515966511618:key/b15c6751-4166-4102-8b26-17590e2ef6cf",
            "license_model": "postgresql-license",
            "master_user_secret": null,
            "master_username": "nitetext",
            "max_allocated_storage": 200,
            "monitoring_interval": 0,
            "monitoring_role_arn": "",
            "multi_az": true,
            "network_type": "IPV4",
            "option_group_memberships": [
              "nitetext-db-option-group"
            ],
            "port": 5432,
            "preferred_backup_window": "03:00-04:00",
            "preferred_maintenance_window": "mon:04:00-mon:05:00",
            "publicly_accessible": false,
            "region": "us-east-1",
            "replicate_source_db": "",
            "resource_id": "db-R7NQ7RH3LFMEMYGM42L234KWDY",
            "storage_encrypted": true,
            "storage_throughput": 125,
            "storage_type": "gp3",
            "tags": {
              "Environment": "production",
              "ManagedBy": "terraform",
              "Name": "nitetext-db",
              "Project": "nitetext"
            },
            "timezone": "",
            "vpc_security_groups": [
              "sg-011e3c8ac8f73858b"
            ]
          },
          "sensitive_attributes": [],
          "identity_schema_version": 0
        }
      ]
    },
    {
      "mode": "data",
      "type": "aws_iam_policy_document",
      "name": "assume",
      "provider": "provider[\"registry.terraform.io/hashicorp/aws\"]",
      "instances": [
        {
          "schema_version": 0,
          "attributes": {
            "id": "1077804475",
            "json": "{\n  \"Version\": \"2012-10-17\",\n  \"Statement\": [\n    {\n      \"Effect\": \"Allow\",\n      \"Action\": \"sts:AssumeRole\",\n      \"Principal\": {\n        \"Service\": \"ecs-tasks.amazonaws.com\"\n      }\n    }\n  ]\n}",
            "minified_json": "{\"Version\":\"2012-10-17\",\"Statement\":[{\"Effect\":\"Allow\",\"Action\":\"sts:AssumeRole\",\"Principal\":{\"Service\":\"ecs-tasks.amazonaws.com\"}}]}",
            "override_json": null,
            "override_policy_documents": null,
            "policy_id": null,
            "source_json": null,
            "source_policy_documents": null,
            "statement": [
              {
                "actions": [
                  "sts:AssumeRole"
                ],
                "condition": [],
                "effect": "Allow",
                "not_actions": [],
                "not_principals": [],
                "not_resources": [],
                "principals": [
                  {
                    "identifiers": [
                      "ecs-tasks.amazonaws.com"
                    ],
                    "type": "Service"
                  }
                ],
                "resources": [],
                "sid": ""
              }
            ],
            "version": "2012-10-17"
          },
          "sensitive_attributes": [],
          "identity_schema_version": 0
        }
      ]
    },
    {
      "mode": "data",
      "type": "aws_route53_zone",
      "name": "veribits_existing",
      "provider": "provider[\"registry.terraform.io/hashicorp/aws\"]",
      "instances": []
    },
    {
      "mode": "data",
      "type": "aws_subnets",
      "name": "afterdarksys_all",
      "provider": "provider[\"registry.terraform.io/hashicorp/aws\"]",
      "instances": [
        {
          "schema_version": 0,
          "attributes": {
            "filter": [
              {
                "name": "vpc-id",
                "values": [
                  "vpc-0c1b813880b3982a5"
                ]
              }
            ],
            "id": "us-east-1",
            "ids": [
              "subnet-090b8a4dcf1291fed",
              "subnet-05e4fe9d478d04b5e",
              "subnet-017f731d4bc6cf08e",
              "subnet-09a67ca87776a42c9",
              "subnet-062d01bce8463ba62",
              "subnet-0270fe9e8a1d0092f",
              "subnet-06bae1d43ca2a0b28",
              "subnet-0511c1cc2662ccd7e",
              "subnet-08ce0b846e6808c2b",
              "subnet-0e1818fdcd100c454",
              "subnet-0003998286a5a7856",
              "subnet-032726d3ea98dc979",
              "subnet-069debc7671caf052",
              "subnet-0570f1d90393717f1"
            ],
            "region": "us-east-1",
            "tags": null,
            "timeouts": null
          },
          "sensitive_attributes": [],
          "identity_schema_version": 0
        }
      ]
    },
    {
      "mode": "data",
      "type": "aws_subnets",
      "name": "afterdarksys_private",
      "provider": "provider[\"registry.terraform.io/hashicorp/aws\"]",
      "instances": [
        {
          "schema_version": 0,
          "attributes": {
            "filter": [
              {
                "name": "tag:Type",
                "values": [
                  "private"
                ]
              },
              {
                "name": "vpc-id",
                "values": [
                  "vpc-0c1b813880b3982a5"
                ]
              }
            ],
            "id": "us-east-1",
            "ids": [
              "subnet-08ce0b846e6808c2b",
              "subnet-0570f1d90393717f1"
            ],
            "region": "us-east-1",
            "tags": null,
            "timeouts": null
          },
          "sensitive_attributes": [],
          "identity_schema_version": 0
        }
      ]
    },
    {
      "mode": "data",
      "type": "aws_subnets",
      "name": "afterdarksys_public",
      "provider": "provider[\"registry.terraform.io/hashicorp/aws\"]",
      "instances": [
        {
          "schema_version": 0,
          "attributes": {
            "filter": [
              {
                "name": "tag:Type",
                "values": [
                  "public"
                ]
              },
              {
                "name": "vpc-id",
                "values": [
                  "vpc-0c1b813880b3982a5"
                ]
              }
            ],
            "id": "us-east-1",
            "ids": [
              "subnet-090b8a4dcf1291fed",
              "subnet-09a67ca87776a42c9"
            ],
            "region": "us-east-1",
            "tags": null,
            "timeouts": null
          },
          "sensitive_attributes": [],
          "identity_schema_version": 0
        }
      ]
    },
    {
      "mode": "data",
      "type": "aws_vpc",
      "name": "afterdarksys",
      "provider": "provider[\"registry.terraform.io/hashicorp/aws\"]",
      "instances": [
        {
          "schema_version": 0,
          "attributes": {
            "arn": "arn:aws:ec2:us-east-1:515966511618:vpc/vpc-0c1b813880b3982a5",
            "cidr_block": "10.0.0.0/16",
            "cidr_block_associations": [
              {
                "association_id": "vpc-cidr-assoc-08121477eaeb0373f",
                "cidr_block": "10.0.0.0/16",
                "state": "associated"
              }
            ],
            "default": false,
            "dhcp_options_id": "dopt-0aefe942add7d97a4",
            "enable_dns_hostnames": true,
            "enable_dns_support": true,
            "enable_network_address_usage_metrics": false,
            "filter": [
              {
                "name": "tag:Name",
                "values": [
                  "afterdarksys-vpc"
                ]
              }
            ],
            "id": "vpc-0c1b813880b3982a5",
            "instance_tenancy": "default",
            "ipv6_association_id": "",
            "ipv6_cidr_block": "",
            "main_route_table_id": "rtb-0bb117489fceec5ce",
            "owner_id": "515966511618",
            "region": "us-east-1",
            "state": null,
            "tags": {
              "Environment": "production",
              "ManagedBy": "SuperDeploy",
              "Name": "afterdarksys-vpc",
              "Owner": "AfterDarkSystems",
              "Project": "AfterDarkSystems"
            },
            "timeouts": null
          },
          "sensitive_attributes": [],
          "identity_schema_version": 0
        }
      ]
    },
    {
      "mode": "managed",
      "type": "aws_acm_certificate",
      "name": "veribits",
      "provider": "provider[\"registry.terraform.io/hashicorp/aws\"]",
      "instances": [
        {
          "schema_version": 0,
          "attributes": {
            "arn": "arn:aws:acm:us-east-1:515966511618:certificate/1b11e755-3db4-4104-9f22-e4b980bd57e5",
            "certificate_authority_arn": "",
            "certificate_body": null,
            "certificate_chain": null,
            "domain_name": "veribits.com",
            "domain_validation_options": [
              {
                "domain_name": "veribits.com",
                "resource_record_name": "_09598114b6bbe2e716eee622a6dd8e27.veribits.com.",
                "resource_record_type": "CNAME",
                "resource_record_value": "_5fa89d2a8873d284f3d561ad22d1cc4e.xlfgrmvvlj.acm-validations.aws."
              },
              {
                "domain_name": "www.veribits.com",
                "resource_record_name": "_111befe0420260d4f2f265c1af78af9c.www.veribits.com.",
                "resource_record_type": "CNAME",
                "resource_record_value": "_6db1401227e930f1b7e8cf94bd0e40f9.xlfgrmvvlj.acm-validations.aws."
              }
            ],
            "early_renewal_duration": "",
            "id": "arn:aws:acm:us-east-1:515966511618:certificate/1b11e755-3db4-4104-9f22-e4b980bd57e5",
            "key_algorithm": "RSA_2048",
            "not_after": "",
            "not_before": "",
            "options": [
              {
                "certificate_transparency_logging_preference": "ENABLED",
                "export": "DISABLED"
              }
            ],
            "pending_renewal": false,
            "private_key": null,
            "region": "us-east-1",
            "renewal_eligibility": "INELIGIBLE",
            "renewal_summary": [],
            "status": "PENDING_VALIDATION",
            "subject_alternative_names": [
              "veribits.com",
              "www.veribits.com"
            ],
            "tags": {
              "Name": "veribits-ssl-cert"
            },
            "tags_all": {
              "Name": "veribits-ssl-cert"
            },
            "type": "AMAZON_ISSUED",
            "validation_emails": [],
            "validation_method": "DNS",
            "validation_option": []
          },
          "sensitive_attributes": [
            [
              {
                "type": "get_attr",
                "value": "private_key"
              }
            ]
          ],
          "identity_schema_version": 0,
          "identity": {
            "arn": "arn:aws:acm:us-east-1:515966511618:certificate/1b11e755-3db4-4104-9f22-e4b980bd57e5"
          },
          "private": "bnVsbA==",
          "create_before_destroy": true
        }
      ]
    },
    {
      "mode": "managed",
      "type": "aws_acm_certificate_validation",
      "name": "veribits",
      "provider": "provider[\"registry.terraform.io/hashicorp/aws\"]",
      "instances": [
        {
          "schema_version": 0,
          "attributes": {
            "certificate_arn": "arn:aws:acm:us-east-1:515966511618:certificate/1b11e755-3db4-4104-9f22-e4b980bd57e5",
            "id": "2025-10-23 07:36:59.847 +0000 UTC",
            "region": "us-east-1",
            "timeouts": null,
            "validation_record_fqdns": [
              "_09598114b6bbe2e716eee622a6dd8e27.veribits.com",
              "_111befe0420260d4f2f265c1af78af9c.www.veribits.com"
            ]
          },
          "sensitive_attributes": [],
          "identity_schema_version": 0,
          "private": "eyJlMmJmYjczMC1lY2FhLTExZTYtOGY4OC0zNDM2M2JjN2M0YzAiOnsiY3JlYXRlIjo0NTAwMDAwMDAwMDAwfX0=",
          "dependencies": [
            "aws_acm_certificate.veribits",
            "aws_route53_record.cert_validation",
            "aws_route53_zone.veribits_new",
            "data.aws_route53_zone.veribits_existing"
          ]
        }
      ]
    },
    {
      "mode": "managed",
      "type": "aws_cloudwatch_log_group",
      "name": "app",
      "provider": "provider[\"registry.terraform.io/hashicorp/aws\"]",
      "instances": [
        {
          "schema_version": 0,
          "attributes": {
            "arn": "arn:aws:logs:us-east-1:515966511618:log-group:/ecs/veribits-api",
            "id": "/ecs/veribits-api",
            "kms_key_id": "",
            "log_group_class": "STANDARD",
            "name": "/ecs/veribits-api",
            "name_prefix": "",
            "region": "us-east-1",
            "retention_in_days": 7,
            "skip_destroy": false,
            "tags": {
              "Name": "veribits-api-logs"
            },
            "tags_all": {
              "Name": "veribits-api-logs"
            }
          },
          "sensitive_attributes": [],
          "identity_schema_version": 0,
          "identity": {
            "account_id": "515966511618",
            "name": "/ecs/veribits-api",
            "region": "us-east-1"
          },
          "private": "bnVsbA=="
        }
      ]
    },
    {
      "mode": "managed",
      "type": "aws_cognito_user_pool",
      "name": "up",
      "provider": "provider[\"registry.terraform.io/hashicorp/aws\"]",
      "instances": [
        {
          "schema_version": 0,
          "attributes": {
            "account_recovery_setting": [
              {
                "recovery_mechanism": [
                  {
                    "name": "verified_email",
                    "priority": 1
                  },
                  {
                    "name": "verified_phone_number",
                    "priority": 2
                  }
                ]
              }
            ],
            "admin_create_user_config": [
              {
                "allow_admin_create_user_only": false,
                "invite_message_template": []
              }
            ],
            "alias_attributes": null,
            "arn": "arn:aws:cognito-idp:us-east-1:515966511618:userpool/us-east-1_wCnSfCwUy",
            "auto_verified_attributes": [
              "email"
            ],
            "creation_date": "2025-10-23T07:01:50Z",
            "custom_domain": "",
            "deletion_protection": "INACTIVE",
            "device_configuration": [],
            "domain": "",
            "email_configuration": [
              {
                "configuration_set": "",
                "email_sending_account": "COGNITO_DEFAULT",
                "from_email_address": "",
                "reply_to_email_address": "",
                "source_arn": ""
              }
            ],
            "email_mfa_configuration": [],
            "email_verification_message": "",
            "email_verification_subject": "",
            "endpoint": "cognito-idp.us-east-1.amazonaws.com/us-east-1_wCnSfCwUy",
            "estimated_number_of_users": 0,
            "id": "us-east-1_wCnSfCwUy",
            "lambda_config": [],
            "last_modified_date": "2025-10-23T07:01:50Z",
            "mfa_configuration": "OFF",
            "name": "veribits-users",
            "password_policy": [
              {
                "minimum_length": 8,
                "password_history_size": 0,
                "require_lowercase": true,
                "require_numbers": true,
                "require_symbols": true,
                "require_uppercase": true,
                "temporary_password_validity_days": 7
              }
            ],
            "region": "us-east-1",
            "schema": [
              {
                "attribute_data_type": "String",
                "developer_only_attribute": false,
                "mutable": false,
                "name": "email",
                "number_attribute_constraints": [],
                "required": true,
                "string_attribute_constraints": []
              }
            ],
            "sign_in_policy": [
              {
                "allowed_first_auth_factors": [
                  "PASSWORD"
                ]
              }
            ],
            "sms_authentication_message": "",
            "sms_configuration": [],
            "sms_verification_message": "",
            "software_token_mfa_configuration": [],
            "tags": {
              "Name": "veribits-users"
            },
            "tags_all": {
              "Name": "veribits-users"
            },
            "user_attribute_update_settings": [],
            "user_pool_add_ons": [],
            "user_pool_tier": "ESSENTIALS",
            "username_attributes": [],
            "username_configuration": [],
            "verification_message_template": [
              {
                "default_email_option": "CONFIRM_WITH_CODE",
                "email_message": "",
                "email_message_by_link": "",
                "email_subject": "",
                "email_subject_by_link": "",
                "sms_message": ""
              }
            ],
            "web_authn_configuration": []
          },
          "sensitive_attributes": [],
          "identity_schema_version": 0,
          "private": "bnVsbA=="
        }
      ]
    },
    {
      "mode": "managed",
      "type": "aws_cognito_user_pool_client",
      "name": "upc",
      "provider": "provider[\"registry.terraform.io/hashicorp/aws\"]",
      "instances": [
        {
          "schema_version": 0,
          "attributes": {
            "access_token_validity": 0,
            "allowed_oauth_flows": [],
            "allowed_oauth_flows_user_pool_client": false,
            "allowed_oauth_scopes": [],
            "analytics_configuration": [],
            "auth_session_validity": 3,
            "callback_urls": [],
            "client_secret": "",
            "default_redirect_uri": "",
            "enable_propagate_additional_user_context_data": false,
            "enable_token_revocation": true,
            "explicit_auth_flows": [
              "ALLOW_REFRESH_TOKEN_AUTH",
              "ALLOW_USER_PASSWORD_AUTH",
              "ALLOW_USER_SRP_AUTH"
            ],
            "generate_secret": false,
            "id": "7pteinmo3h02nbaus926n81h7h",
            "id_token_validity": 0,
            "logout_urls": [],
            "name": "veribits-web",
            "prevent_user_existence_errors": "",
            "read_attributes": [],
            "refresh_token_rotation": [],
            "refresh_token_validity": 30,
            "region": "us-east-1",
            "supported_identity_providers": [],
            "token_validity_units": [],
            "user_pool_id": "us-east-1_wCnSfCwUy",
            "write_attributes": []
          },
          "sensitive_attributes": [
            [
              {
                "type": "get_attr",
                "value": "client_secret"
              }
            ]
          ],
          "identity_schema_version": 0,
          "dependencies": [
            "aws_cognito_user_pool.up"
          ]
        }
      ]
    },
    {
      "mode": "managed",
      "type": "aws_ecr_repository",
      "name": "api",
      "provider": "provider[\"registry.terraform.io/hashicorp/aws\"]",
      "instances": [
        {
          "schema_version": 0,
          "attributes": {
            "arn": "arn:aws:ecr:us-east-1:515966511618:repository/veribits-api",
            "encryption_configuration": [
              {
                "encryption_type": "AES256",
                "kms_key": ""
              }
            ],
            "force_delete": null,
            "id": "veribits-api",
            "image_scanning_configuration": [
              {
                "scan_on_push": true
              }
            ],
            "image_tag_mutability": "MUTABLE",
            "image_tag_mutability_exclusion_filter": [],
            "name": "veribits-api",
            "region": "us-east-1",
            "registry_id": "515966511618",
            "repository_url": "515966511618.dkr.ecr.us-east-1.amazonaws.com/veribits-api",
            "tags": {
              "Name": "veribits-api"
            },
            "tags_all": {
              "Name": "veribits-api"
            },
            "timeouts": null
          },
          "sensitive_attributes": [],
          "identity_schema_version": 0,
          "identity": {
            "account_id": "515966511618",
            "name": "veribits-api",
            "region": "us-east-1"
          },
          "private": "eyJlMmJmYjczMC1lY2FhLTExZTYtOGY4OC0zNDM2M2JjN2M0YzAiOnsiZGVsZXRlIjoxMjAwMDAwMDAwMDAwfX0="
        }
      ]
    },
    {
      "mode": "managed",
      "type": "aws_ecs_cluster",
      "name": "main",
      "provider": "provider[\"registry.terraform.io/hashicorp/aws\"]",
      "instances": [
        {
          "schema_version": 0,
          "attributes": {
            "arn": "arn:aws:ecs:us-east-1:515966511618:cluster/veribits-cluster",
            "configuration": [],
            "id": "arn:aws:ecs:us-east-1:515966511618:cluster/veribits-cluster",
            "name": "veribits-cluster",
            "region": "us-east-1",
            "service_connect_defaults": [],
            "setting": [
              {
                "name": "containerInsights",
                "value": "enabled"
              }
            ],
            "tags": {
              "Name": "veribits-cluster"
            },
            "tags_all": {
              "Name": "veribits-cluster"
            }
          },
          "sensitive_attributes": [],
          "identity_schema_version": 0,
          "private": "bnVsbA=="
        }
      ]
    },
    {
      "mode": "managed",
      "type": "aws_elasticache_subnet_group",
      "name": "redis",
      "provider": "provider[\"registry.terraform.io/hashicorp/aws\"]",
      "instances": [
        {
          "schema_version": 0,
          "attributes": {
            "arn": "arn:aws:elasticache:us-east-1:515966511618:subnetgroup:veribits-redis-subnets",
            "description": "Managed by Terraform",
            "id": "veribits-redis-subnets",
            "name": "veribits-redis-subnets",
            "region": "us-east-1",
            "subnet_ids": [
              "subnet-0570f1d90393717f1",
              "subnet-08ce0b846e6808c2b"
            ],
            "tags": {
              "Name": "veribits-redis-subnets"
            },
            "tags_all": {
              "Name": "veribits-redis-subnets"
            },
            "vpc_id": "vpc-0c1b813880b3982a5"
          },
          "sensitive_attributes": [],
          "identity_schema_version": 0,
          "private": "bnVsbA==",
          "dependencies": [
            "data.aws_subnets.afterdarksys_all",
            "data.aws_subnets.afterdarksys_private",
            "data.aws_vpc.afterdarksys"
          ]
        }
      ]
    },
    {
      "mode": "managed",
      "type": "aws_iam_role",
      "name": "task_exec",
      "provider": "provider[\"registry.terraform.io/hashicorp/aws\"]",
      "instances": [
        {
          "schema_version": 0,
          "attributes": {
            "arn": "arn:aws:iam::515966511618:role/veribits-task-exec",
            "assume_role_policy": "{\"Statement\":[{\"Action\":\"sts:AssumeRole\",\"Effect\":\"Allow\",\"Principal\":{\"Service\":\"ecs-tasks.amazonaws.com\"}}],\"Version\":\"2012-10-17\"}",
            "create_date": "2025-10-23T07:01:47Z",
            "description": "",
            "force_detach_policies": false,
            "id": "veribits-task-exec",
            "inline_policy": [],
            "managed_policy_arns": [
              "arn:aws:iam::aws:policy/service-role/AmazonECSTaskExecutionRolePolicy"
            ],
            "max_session_duration": 3600,
            "name": "veribits-task-exec",
            "name_prefix": "",
            "path": "/",
            "permissions_boundary": "",
            "tags": {
              "Name": "veribits-task-exec"
            },
            "tags_all": {
              "Name": "veribits-task-exec"
            },
            "unique_id": "AROAXQIQAFIBPWFLYPL6S"
          },
          "sensitive_attributes": [],
          "identity_schema_version": 0,
          "identity": {
            "account_id": "515966511618",
            "name": "veribits-task-exec"
          },
          "private": "bnVsbA==",
          "dependencies": [
            "data.aws_iam_policy_document.assume"
          ]
        }
      ]
    },
    {
      "mode": "managed",
      "type": "aws_iam_role_policy_attachment",
      "name": "exec_attach",
      "provider": "provider[\"registry.terraform.io/hashicorp/aws\"]",
      "instances": [
        {
          "schema_version": 0,
          "attributes": {
            "id": "veribits-task-exec/arn:aws:iam::aws:policy/service-role/AmazonECSTaskExecutionRolePolicy",
            "policy_arn": "arn:aws:iam::aws:policy/service-role/AmazonECSTaskExecutionRolePolicy",
            "role": "veribits-task-exec"
          },
          "sensitive_attributes": [],
          "identity_schema_version": 0,
          "identity": {
            "account_id": "515966511618",
            "policy_arn": "arn:aws:iam::aws:policy/service-role/AmazonECSTaskExecutionRolePolicy",
            "role": "veribits-task-exec"
          },
          "private": "bnVsbA==",
          "dependencies": [
            "aws_iam_role.task_exec",
            "data.aws_iam_policy_document.assume"
          ]
        }
      ]
    },
    {
      "mode": "managed",
      "type": "aws_lb",
      "name": "app",
      "provider": "provider[\"registry.terraform.io/hashicorp/aws\"]",
      "instances": [
        {
          "schema_version": 0,
          "attributes": {
            "access_logs": [
              {
                "bucket": "",
                "enabled": false,
                "prefix": ""
              }
            ],
            "arn": "arn:aws:elasticloadbalancing:us-east-1:515966511618:loadbalancer/app/veribits-alb/dd497235f4e0d067",
            "arn_suffix": "app/veribits-alb/dd497235f4e0d067",
            "client_keep_alive": 3600,
            "connection_logs": [
              {
                "bucket": "",
                "enabled": false,
                "prefix": ""
              }
            ],
            "customer_owned_ipv4_pool": "",
            "desync_mitigation_mode": "defensive",
            "dns_name": "veribits-alb-1472450181.us-east-1.elb.amazonaws.com",
            "dns_record_client_routing_policy": null,
            "drop_invalid_header_fields": false,
            "enable_cross_zone_load_balancing": true,
            "enable_deletion_protection": false,
            "enable_http2": true,
            "enable_tls_version_and_cipher_suite_headers": false,
            "enable_waf_fail_open": false,
            "enable_xff_client_port": false,
            "enable_zonal_shift": false,
            "enforce_security_group_inbound_rules_on_private_link_traffic": "",
            "id": "arn:aws:elasticloadbalancing:us-east-1:515966511618:loadbalancer/app/veribits-alb/dd497235f4e0d067",
            "idle_timeout": 60,
            "internal": false,
            "ip_address_type": "ipv4",
            "ipam_pools": [],
            "load_balancer_type": "application",
            "minimum_load_balancer_capacity": [],
            "name": "veribits-alb",
            "name_prefix": "",
            "preserve_host_header": false,
            "region": "us-east-1",
            "secondary_ips_auto_assigned_per_subnet": null,
            "security_groups": [
              "sg-0e53ba20502038956"
            ],
            "subnet_mapping": [
              {
                "allocation_id": "",
                "ipv6_address": "",
                "outpost_id": "",
                "private_ipv4_address": "",
                "subnet_id": "subnet-090b8a4dcf1291fed"
              },
              {
                "allocation_id": "",
                "ipv6_address": "",
                "outpost_id": "",
                "private_ipv4_address": "",
                "subnet_id": "subnet-09a67ca87776a42c9"
              }
            ],
            "subnets": [
              "subnet-090b8a4dcf1291fed",
              "subnet-09a67ca87776a42c9"
            ],
            "tags": {
              "Name": "veribits-alb"
            },
            "tags_all": {
              "Name": "veribits-alb"
            },
            "timeouts": null,
            "vpc_id": "vpc-0c1b813880b3982a5",
            "xff_header_processing_mode": "append",
            "zone_id": "Z35SXDOTRQ7X7K"
          },
          "sensitive_attributes": [],
          "identity_schema_version": 0,
          "identity": {
            "arn": "arn:aws:elasticloadbalancing:us-east-1:515966511618:loadbalancer/app/veribits-alb/dd497235f4e0d067"
          },
          "private": "eyJlMmJmYjczMC1lY2FhLTExZTYtOGY4OC0zNDM2M2JjN2M0YzAiOnsiY3JlYXRlIjo2MDAwMDAwMDAwMDAsImRlbGV0ZSI6NjAwMDAwMDAwMDAwLCJ1cGRhdGUiOjYwMDAwMDAwMDAwMH19",
          "dependencies": [
            "aws_security_group.alb_sg",
            "data.aws_subnets.afterdarksys_all",
            "data.aws_subnets.afterdarksys_public",
            "data.aws_vpc.afterdarksys"
          ]
        }
      ]
    },
    {
      "mode": "managed",
      "type": "aws_lb_listener",
      "name": "http",
      "provider": "provider[\"registry.terraform.io/hashicorp/aws\"]",
      "instances": [
        {
          "schema_version": 0,
          "attributes": {
            "alpn_policy": null,
            "arn": "arn:aws:elasticloadbalancing:us-east-1:515966511618:listener/app/veribits-alb/dd497235f4e0d067/d7a275f79448ed29",
            "certificate_arn": null,
            "default_action": [
              {
                "authenticate_cognito": [],
                "authenticate_oidc": [],
                "fixed_response": [],
                "forward": [],
                "order": 1,
                "redirect": [
                  {
                    "host": "#{host}",
                    "path": "/#{path}",
                    "port": "443",
                    "protocol": "HTTPS",
                    "query": "#{query}",
                    "status_code": "HTTP_301"
                  }
                ],
                "target_group_arn": "",
                "type": "redirect"
              }
            ],
            "id": "arn:aws:elasticloadbalancing:us-east-1:515966511618:listener/app/veribits-alb/dd497235f4e0d067/d7a275f79448ed29",
            "load_balancer_arn": "arn:aws:elasticloadbalancing:us-east-1:515966511618:loadbalancer/app/veribits-alb/dd497235f4e0d067",
            "mutual_authentication": [],
            "port": 80,
            "protocol": "HTTP",
            "region": "us-east-1",
            "routing_http_request_x_amzn_mtls_clientcert_header_name": null,
            "routing_http_request_x_amzn_mtls_clientcert_issuer_header_name": null,
            "routing_http_request_x_amzn_mtls_clientcert_leaf_header_name": null,
            "routing_http_request_x_amzn_mtls_clientcert_serial_number_header_name": null,
            "routing_http_request_x_amzn_mtls_clientcert_subject_header_name": null,
            "routing_http_request_x_amzn_mtls_clientcert_validity_header_name": null,
            "routing_http_request_x_amzn_tls_cipher_suite_header_name": null,
            "routing_http_request_x_amzn_tls_version_header_name": null,
            "routing_http_response_access_control_allow_credentials_header_value": "",
            "routing_http_response_access_control_allow_headers_header_value": "",
            "routing_http_response_access_control_allow_methods_header_value": "",
            "routing_http_response_access_control_allow_origin_header_value": "",
            "routing_http_response_access_control_expose_headers_header_value": "",
            "routing_http_response_access_control_max_age_header_value": "",
            "routing_http_response_content_security_policy_header_value": "",
            "routing_http_response_server_enabled": true,
            "routing_http_response_strict_transport_security_header_value": "",
            "routing_http_response_x_content_type_options_header_value": "",
            "routing_http_response_x_frame_options_header_value": "",
            "ssl_policy": "",
            "tags": {},
            "tags_all": {},
            "tcp_idle_timeout_seconds": null,
            "timeouts": null
          },
          "sensitive_attributes": [],
          "identity_schema_version": 0,
          "identity": {
            "arn": "arn:aws:elasticloadbalancing:us-east-1:515966511618:listener/app/veribits-alb/dd497235f4e0d067/d7a275f79448ed29"
          },
          "private": "eyJlMmJmYjczMC1lY2FhLTExZTYtOGY4OC0zNDM2M2JjN2M0YzAiOnsiY3JlYXRlIjozMDAwMDAwMDAwMDAsInVwZGF0ZSI6MzAwMDAwMDAwMDAwfX0=",
          "dependencies": [
            "aws_lb.app",
            "aws_security_group.alb_sg",
            "data.aws_subnets.afterdarksys_all",
            "data.aws_subnets.afterdarksys_public",
            "data.aws_vpc.afterdarksys"
          ]
        }
      ]
    },
    {
      "mode": "managed",
      "type": "aws_lb_listener",
      "name": "https",
      "provider": "provider[\"registry.terraform.io/hashicorp/aws\"]",
      "instances": [
        {
          "schema_version": 0,
          "attributes": {
            "alpn_policy": null,
            "arn": "arn:aws:elasticloadbalancing:us-east-1:515966511618:listener/app/veribits-alb/dd497235f4e0d067/568a7a5ddcf1092c",
            "certificate_arn": "arn:aws:acm:us-east-1:515966511618:certificate/1b11e755-3db4-4104-9f22-e4b980bd57e5",
            "default_action": [
              {
                "authenticate_cognito": [],
                "authenticate_oidc": [],
                "fixed_response": [],
                "forward": [],
                "order": 1,
                "redirect": [],
                "target_group_arn": "arn:aws:elasticloadbalancing:us-east-1:515966511618:targetgroup/veribits-tg/f18ef5865569bbee",
                "type": "forward"
              }
            ],
            "id": "arn:aws:elasticloadbalancing:us-east-1:515966511618:listener/app/veribits-alb/dd497235f4e0d067/568a7a5ddcf1092c",
            "load_balancer_arn": "arn:aws:elasticloadbalancing:us-east-1:515966511618:loadbalancer/app/veribits-alb/dd497235f4e0d067",
            "mutual_authentication": [
              {
                "advertise_trust_store_ca_names": "",
                "ignore_client_certificate_expiry": false,
                "mode": "off",
                "trust_store_arn": ""
              }
            ],
            "port": 443,
            "protocol": "HTTPS",
            "region": "us-east-1",
            "routing_http_request_x_amzn_mtls_clientcert_header_name": "",
            "routing_http_request_x_amzn_mtls_clientcert_issuer_header_name": "",
            "routing_http_request_x_amzn_mtls_clientcert_leaf_header_name": "",
            "routing_http_request_x_amzn_mtls_clientcert_serial_number_header_name": "",
            "routing_http_request_x_amzn_mtls_clientcert_subject_header_name": "",
            "routing_http_request_x_amzn_mtls_clientcert_validity_header_name": "",
            "routing_http_request_x_amzn_tls_cipher_suite_header_name": "",
            "routing_http_request_x_amzn_tls_version_header_name": "",
            "routing_http_response_access_control_allow_credentials_header_value": "",
            "routing_http_response_access_control_allow_headers_header_value": "",
            "routing_http_response_access_control_allow_methods_header_value": "",
            "routing_http_response_access_control_allow_origin_header_value": "",
            "routing_http_response_access_control_expose_headers_header_value": "",
            "routing_http_response_access_control_max_age_header_value": "",
            "routing_http_response_content_security_policy_header_value": "",
            "routing_http_response_server_enabled": true,
            "routing_http_response_strict_transport_security_header_value": "",
            "routing_http_response_x_content_type_options_header_value": "",
            "routing_http_response_x_frame_options_header_value": "",
            "ssl_policy": "ELBSecurityPolicy-TLS13-1-2-2021-06",
            "tags": null,
            "tags_all": {},
            "tcp_idle_timeout_seconds": null,
            "timeouts": null
          },
          "sensitive_attributes": [],
          "identity_schema_version": 0,
          "identity": {
            "arn": "arn:aws:elasticloadbalancing:us-east-1:515966511618:listener/app/veribits-alb/dd497235f4e0d067/568a7a5ddcf1092c"
          },
          "private": "eyJlMmJmYjczMC1lY2FhLTExZTYtOGY4OC0zNDM2M2JjN2M0YzAiOnsiY3JlYXRlIjozMDAwMDAwMDAwMDAsInVwZGF0ZSI6MzAwMDAwMDAwMDAwfX0=",
          "dependencies": [
            "aws_acm_certificate.veribits",
            "aws_acm_certificate_validation.veribits",
            "aws_lb.app",
            "aws_lb_target_group.app_tg",
            "aws_route53_record.cert_validation",
            "aws_route53_zone.veribits_new",
            "aws_security_group.alb_sg",
            "data.aws_route53_zone.veribits_existing",
            "data.aws_subnets.afterdarksys_all",
            "data.aws_subnets.afterdarksys_public",
            "data.aws_vpc.afterdarksys"
          ]
        }
      ]
    },
    {
      "mode": "managed",
      "type": "aws_lb_target_group",
      "name": "app_tg",
      "provider": "provider[\"registry.terraform.io/hashicorp/aws\"]",
      "instances": [
        {
          "schema_version": 0,
          "attributes": {
            "arn": "arn:aws:elasticloadbalancing:us-east-1:515966511618:targetgroup/veribits-tg/f18ef5865569bbee",
            "arn_suffix": "targetgroup/veribits-tg/f18ef5865569bbee",
            "connection_termination": null,
            "deregistration_delay": "300",
            "health_check": [
              {
                "enabled": true,
                "healthy_threshold": 2,
                "interval": 30,
                "matcher": "200",
                "path": "/api/v1/health",
                "port": "traffic-port",
                "protocol": "HTTP",
                "timeout": 5,
                "unhealthy_threshold": 3
              }
            ],
            "id": "arn:aws:elasticloadbalancing:us-east-1:515966511618:targetgroup/veribits-tg/f18ef5865569bbee",
            "ip_address_type": "ipv4",
            "lambda_multi_value_headers_enabled": false,
            "load_balancer_arns": [
              "arn:aws:elasticloadbalancing:us-east-1:515966511618:loadbalancer/app/veribits-alb/dd497235f4e0d067"
            ],
            "load_balancing_algorithm_type": "round_robin",
            "load_balancing_anomaly_mitigation": "off",
            "load_balancing_cross_zone_enabled": "use_load_balancer_configuration",
            "name": "veribits-tg",
            "name_prefix": "",
            "port": 80,
            "preserve_client_ip": null,
            "protocol": "HTTP",
            "protocol_version": "HTTP1",
            "proxy_protocol_v2": false,
            "region": "us-east-1",
            "slow_start": 0,
            "stickiness": [
              {
                "cookie_duration": 86400,
                "cookie_name": "",
                "enabled": false,
                "type": "lb_cookie"
              }
            ],
            "tags": {
              "Name": "veribits-tg"
            },
            "tags_all": {
              "Name": "veribits-tg"
            },
            "target_failover": [
              {
                "on_deregistration": null,
                "on_unhealthy": null
              }
            ],
            "target_group_health": [
              {
                "dns_failover": [
                  {
                    "minimum_healthy_targets_count": "1",
                    "minimum_healthy_targets_percentage": "off"
                  }
                ],
                "unhealthy_state_routing": [
                  {
                    "minimum_healthy_targets_count": 1,
                    "minimum_healthy_targets_percentage": "off"
                  }
                ]
              }
            ],
            "target_health_state": [
              {
                "enable_unhealthy_connection_termination": null,
                "unhealthy_draining_interval": null
              }
            ],
            "target_type": "ip",
            "vpc_id": "vpc-0c1b813880b3982a5"
          },
          "sensitive_attributes": [],
          "identity_schema_version": 0,
          "identity": {
            "arn": "arn:aws:elasticloadbalancing:us-east-1:515966511618:targetgroup/veribits-tg/f18ef5865569bbee"
          },
          "private": "bnVsbA==",
          "dependencies": [
            "data.aws_vpc.afterdarksys"
          ]
        }
      ]
    },
    {
      "mode": "managed",
      "type": "aws_route53_record",
      "name": "cert_validation",
      "provider": "provider[\"registry.terraform.io/hashicorp/aws\"]",
      "instances": [
        {
          "index_key": "veribits.com",
          "schema_version": 2,
          "attributes": {
            "alias": [],
            "allow_overwrite": true,
            "cidr_routing_policy": [],
            "failover_routing_policy": [],
            "fqdn": "_09598114b6bbe2e716eee622a6dd8e27.veribits.com",
            "geolocation_routing_policy": [],
            "geoproximity_routing_policy": [],
            "health_check_id": "",
            "id": "Z08131853P82ZUKIO9VC9__09598114b6bbe2e716eee622a6dd8e27.veribits.com._CNAME",
            "latency_routing_policy": [],
            "multivalue_answer_routing_policy": false,
            "name": "_09598114b6bbe2e716eee622a6dd8e27.veribits.com",
            "records": [
              "_5fa89d2a8873d284f3d561ad22d1cc4e.xlfgrmvvlj.acm-validations.aws."
            ],
            "set_identifier": "",
            "timeouts": null,
            "ttl": 60,
            "type": "CNAME",
            "weighted_routing_policy": [],
            "zone_id": "Z08131853P82ZUKIO9VC9"
          },
          "sensitive_attributes": [],
          "identity_schema_version": 0,
          "identity": {
            "account_id": "515966511618",
            "name": "_09598114b6bbe2e716eee622a6dd8e27.veribits.com.",
            "set_identifier": null,
            "type": "CNAME",
            "zone_id": "Z08131853P82ZUKIO9VC9"
          },
          "private": "eyJlMmJmYjczMC1lY2FhLTExZTYtOGY4OC0zNDM2M2JjN2M0YzAiOnsiY3JlYXRlIjoxODAwMDAwMDAwMDAwLCJkZWxldGUiOjE4MDAwMDAwMDAwMDAsInVwZGF0ZSI6MTgwMDAwMDAwMDAwMH0sInNjaGVtYV92ZXJzaW9uIjoiMiJ9",
          "dependencies": [
            "aws_acm_certificate.veribits",
            "aws_route53_zone.veribits_new",
            "data.aws_route53_zone.veribits_existing"
          ]
        },
        {
          "index_key": "www.veribits.com",
          "schema_version": 2,
          "attributes": {
            "alias": [],
            "allow_overwrite": true,
            "cidr_routing_policy": [],
            "failover_routing_policy": [],
            "fqdn": "_111befe0420260d4f2f265c1af78af9c.www.veribits.com",
            "geolocation_routing_policy": [],
            "geoproximity_routing_policy": [],
            "health_check_id": "",
            "id": "Z08131853P82ZUKIO9VC9__111befe0420260d4f2f265c1af78af9c.www.veribits.com._CNAME",
            "latency_routing_policy": [],
            "multivalue_answer_routing_policy": false,
            "name": "_111befe0420260d4f2f265c1af78af9c.www.veribits.com",
            "records": [
              "_6db1401227e930f1b7e8cf94bd0e40f9.xlfgrmvvlj.acm-validations.aws."
            ],
            "set_identifier": "",
            "timeouts": null,
            "ttl": 60,
            "type": "CNAME",
            "weighted_routing_policy": [],
            "zone_id": "Z08131853P82ZUKIO9VC9"
          },
          "sensitive_attributes": [],
          "identity_schema_version": 0,
          "identity": {
            "account_id": "515966511618",
            "name": "_111befe0420260d4f2f265c1af78af9c.www.veribits.com.",
            "set_identifier": null,
            "type": "CNAME",
            "zone_id": "Z08131853P82ZUKIO9VC9"
          },
          "private": "eyJlMmJmYjczMC1lY2FhLTExZTYtOGY4OC0zNDM2M2JjN2M0YzAiOnsiY3JlYXRlIjoxODAwMDAwMDAwMDAwLCJkZWxldGUiOjE4MDAwMDAwMDAwMDAsInVwZGF0ZSI6MTgwMDAwMDAwMDAwMH0sInNjaGVtYV92ZXJzaW9uIjoiMiJ9",
          "dependencies": [
            "aws_acm_certificate.veribits",
            "aws_route53_zone.veribits_new",
            "data.aws_route53_zone.veribits_existing"
          ]
        }
      ]
    },
    {
      "mode": "managed",
      "type": "aws_route53_record",
      "name": "veribits_root",
      "provider": "provider[\"registry.terraform.io/hashicorp/aws\"]",
      "instances": [
        {
          "schema_version": 2,
          "attributes": {
            "alias": [
              {
                "evaluate_target_health": true,
                "name": "veribits-alb-1472450181.us-east-1.elb.amazonaws.com",
                "zone_id": "Z35SXDOTRQ7X7K"
              }
            ],
            "allow_overwrite": null,
            "cidr_routing_policy": [],
            "failover_routing_policy": [],
            "fqdn": "veribits.com",
            "geolocation_routing_policy": [],
            "geoproximity_routing_policy": [],
            "health_check_id": "",
            "id": "Z08131853P82ZUKIO9VC9_veribits.com_A",
            "latency_routing_policy": [],
            "multivalue_answer_routing_policy": false,
            "name": "veribits.com",
            "records": [],
            "set_identifier": "",
            "timeouts": null,
            "ttl": 0,
            "type": "A",
            "weighted_routing_policy": [],
            "zone_id": "Z08131853P82ZUKIO9VC9"
          },
          "sensitive_attributes": [],
          "identity_schema_version": 0,
          "identity": {
            "account_id": "515966511618",
            "name": "veribits.com",
            "set_identifier": null,
            "type": "A",
            "zone_id": "Z08131853P82ZUKIO9VC9"
          },
          "private": "eyJlMmJmYjczMC1lY2FhLTExZTYtOGY4OC0zNDM2M2JjN2M0YzAiOnsiY3JlYXRlIjoxODAwMDAwMDAwMDAwLCJkZWxldGUiOjE4MDAwMDAwMDAwMDAsInVwZGF0ZSI6MTgwMDAwMDAwMDAwMH0sInNjaGVtYV92ZXJzaW9uIjoiMiJ9",
          "dependencies": [
            "aws_lb.app",
            "aws_route53_zone.veribits_new",
            "aws_security_group.alb_sg",
            "data.aws_route53_zone.veribits_existing",
            "data.aws_subnets.afterdarksys_all",
            "data.aws_subnets.afterdarksys_public",
            "data.aws_vpc.afterdarksys"
          ]
        }
      ]
    },
    {
      "mode": "managed",
      "type": "aws_route53_record",
      "name": "veribits_www",
      "provider": "provider[\"registry.terraform.io/hashicorp/aws\"]",
      "instances": [
        {
          "schema_version": 2,
          "attributes": {
            "alias": [
              {
                "evaluate_target_health": true,
                "name": "veribits-alb-1472450181.us-east-1.elb.amazonaws.com",
                "zone_id": "Z35SXDOTRQ7X7K"
              }
            ],
            "allow_overwrite": null,
            "cidr_routing_policy": [],
            "failover_routing_policy": [],
            "fqdn": "www.veribits.com",
            "geolocation_routing_policy": [],
            "geoproximity_routing_policy": [],
            "health_check_id": "",
            "id": "Z08131853P82ZUKIO9VC9_www.veribits.com_A",
            "latency_routing_policy": [],
            "multivalue_answer_routing_policy": false,
            "name": "www.veribits.com",
            "records": [],
            "set_identifier": "",
            "timeouts": null,
            "ttl": 0,
            "type": "A",
            "weighted_routing_policy": [],
            "zone_id": "Z08131853P82ZUKIO9VC9"
          },
          "sensitive_attributes": [],
          "identity_schema_version": 0,
          "identity": {
            "account_id": "515966511618",
            "name": "www.veribits.com",
            "set_identifier": null,
            "type": "A",
            "zone_id": "Z08131853P82ZUKIO9VC9"
          },
          "private": "eyJlMmJmYjczMC1lY2FhLTExZTYtOGY4OC0zNDM2M2JjN2M0YzAiOnsiY3JlYXRlIjoxODAwMDAwMDAwMDAwLCJkZWxldGUiOjE4MDAwMDAwMDAwMDAsInVwZGF0ZSI6MTgwMDAwMDAwMDAwMH0sInNjaGVtYV92ZXJzaW9uIjoiMiJ9",
          "dependencies": [
            "aws_lb.app",
            "aws_route53_zone.veribits_new",
            "aws_security_group.alb_sg",
            "data.aws_route53_zone.veribits_existing",
            "data.aws_subnets.afterdarksys_all",
            "data.aws_subnets.afterdarksys_public",
            "data.aws_vpc.afterdarksys"
          ]
        }
      ]
    },
    {
      "mode": "managed",
      "type": "aws_route53_zone",
      "name": "veribits_new",
      "provider": "provider[\"registry.terraform.io/hashicorp/aws\"]",
      "instances": [
        {
          "index_key": 0,
          "schema_version": 0,
          "attributes": {
            "arn": "arn:aws:route53:::hostedzone/Z08131853P82ZUKIO9VC9",
            "comment": "Managed by Terraform",
            "delegation_set_id": "",
            "force_destroy": false,
            "id": "Z08131853P82ZUKIO9VC9",
            "name": "veribits.com",
            "name_servers": [
              "ns-103.awsdns-12.com",
              "ns-1381.awsdns-44.org",
              "ns-1749.awsdns-26.co.uk",
              "ns-820.awsdns-38.net"
            ],
            "primary_name_server": "ns-103.awsdns-12.com",
            "tags": {
              "Environment": "production",
              "ManagedBy": "Terraform",
              "Name": "veribits.com",
              "Project": "VeriBits"
            },
            "tags_all": {
              "Environment": "production",
              "ManagedBy": "Terraform",
              "Name": "veribits.com",
              "Project": "VeriBits"
            },
            "timeouts": null,
            "vpc": [],
            "zone_id": "Z08131853P82ZUKIO9VC9"
          },
          "sensitive_attributes": [],
          "identity_schema_version": 0,
          "private": "eyJlMmJmYjczMC1lY2FhLTExZTYtOGY4OC0zNDM2M2JjN2M0YzAiOnsiY3JlYXRlIjoxODAwMDAwMDAwMDAwLCJkZWxldGUiOjE4MDAwMDAwMDAwMDAsInVwZGF0ZSI6MTgwMDAwMDAwMDAwMH19"
        }
      ]
    },
    {
      "mode": "managed",
      "type": "aws_security_group",
      "name": "alb_sg",
      "provider": "provider[\"registry.terraform.io/hashicorp/aws\"]",
      "instances": [
        {
          "schema_version": 1,
          "attributes": {
            "arn": "arn:aws:ec2:us-east-1:515966511618:security-group/sg-0e53ba20502038956",
            "description": "Security group for VeriBits ALB",
            "egress": [
              {
                "cidr_blocks": [
                  "0.0.0.0/0"
                ],
                "description": "Allow all outbound",
                "from_port": 0,
                "ipv6_cidr_blocks": [],
                "prefix_list_ids": [],
                "protocol": "-1",
                "security_groups": [],
                "self": false,
                "to_port": 0
              }
            ],
            "id": "sg-0e53ba20502038956",
            "ingress": [
              {
                "cidr_blocks": [
                  "0.0.0.0/0"
                ],
                "description": "HTTP",
                "from_port": 80,
                "ipv6_cidr_blocks": [],
                "prefix_list_ids": [],
                "protocol": "tcp",
                "security_groups": [],
                "self": false,
                "to_port": 80
              },
              {
                "cidr_blocks": [
                  "0.0.0.0/0"
                ],
                "description": "HTTPS",
                "from_port": 443,
                "ipv6_cidr_blocks": [],
                "prefix_list_ids": [],
                "protocol": "tcp",
                "security_groups": [],
                "self": false,
                "to_port": 443
              }
            ],
            "name": "veribits-alb-sg",
            "name_prefix": "",
            "owner_id": "515966511618",
            "region": "us-east-1",
            "revoke_rules_on_delete": false,
            "tags": {
              "Name": "veribits-alb-sg"
            },
            "tags_all": {
              "Name": "veribits-alb-sg"
            },
            "timeouts": null,
            "vpc_id": "vpc-0c1b813880b3982a5"
          },
          "sensitive_attributes": [],
          "identity_schema_version": 0,
          "identity": {
            "account_id": "515966511618",
            "id": "sg-0e53ba20502038956",
            "region": "us-east-1"
          },
          "private": "eyJlMmJmYjczMC1lY2FhLTExZTYtOGY4OC0zNDM2M2JjN2M0YzAiOnsiY3JlYXRlIjo2MDAwMDAwMDAwMDAsImRlbGV0ZSI6OTAwMDAwMDAwMDAwfSwic2NoZW1hX3ZlcnNpb24iOiIxIn0=",
          "dependencies": [
            "data.aws_vpc.afterdarksys"
          ]
        }
      ]
    },
    {
      "mode": "managed",
      "type": "aws_security_group",
      "name": "ecs_sg",
      "provider": "provider[\"registry.terraform.io/hashicorp/aws\"]",
      "instances": [
        {
          "schema_version": 1,
          "attributes": {
            "arn": "arn:aws:ec2:us-east-1:515966511618:security-group/sg-0422b38f99e7b23ce",
            "description": "Security group for VeriBits ECS tasks",
            "egress": [
              {
                "cidr_blocks": [
                  "0.0.0.0/0"
                ],
                "description": "Allow all outbound",
                "from_port": 0,
                "ipv6_cidr_blocks": [],
                "prefix_list_ids": [],
                "protocol": "-1",
                "security_groups": [],
                "self": false,
                "to_port": 0
              }
            ],
            "id": "sg-0422b38f99e7b23ce",
            "ingress": [
              {
                "cidr_blocks": [],
                "description": "HTTP from ALB",
                "from_port": 80,
                "ipv6_cidr_blocks": [],
                "prefix_list_ids": [],
                "protocol": "tcp",
                "security_groups": [
                  "sg-0e53ba20502038956"
                ],
                "self": false,
                "to_port": 80
              }
            ],
            "name": "veribits-ecs-sg",
            "name_prefix": "",
            "owner_id": "515966511618",
            "region": "us-east-1",
            "revoke_rules_on_delete": false,
            "tags": {
              "Name": "veribits-ecs-sg"
            },
            "tags_all": {
              "Name": "veribits-ecs-sg"
            },
            "timeouts": null,
            "vpc_id": "vpc-0c1b813880b3982a5"
          },
          "sensitive_attributes": [],
          "identity_schema_version": 0,
          "identity": {
            "account_id": "515966511618",
            "id": "sg-0422b38f99e7b23ce",
            "region": "us-east-1"
          },
          "private": "eyJlMmJmYjczMC1lY2FhLTExZTYtOGY4OC0zNDM2M2JjN2M0YzAiOnsiY3JlYXRlIjo2MDAwMDAwMDAwMDAsImRlbGV0ZSI6OTAwMDAwMDAwMDAwfSwic2NoZW1hX3ZlcnNpb24iOiIxIn0=",
          "dependencies": [
            "aws_security_group.alb_sg",
            "data.aws_vpc.afterdarksys"
          ]
        }
      ]
    },
    {
      "mode": "managed",
      "type": "aws_security_group",
      "name": "redis_sg",
      "provider": "provider[\"registry.terraform.io/hashicorp/aws\"]",
      "instances": [
        {
          "schema_version": 1,
          "attributes": {
            "arn": "arn:aws:ec2:us-east-1:515966511618:security-group/sg-07a92b8336b623ebc",
            "description": "Security group for VeriBits Redis",
            "egress": [
              {
                "cidr_blocks": [
                  "0.0.0.0/0"
                ],
                "description": "",
                "from_port": 0,
                "ipv6_cidr_blocks": [],
                "prefix_list_ids": [],
                "protocol": "-1",
                "security_groups": [],
                "self": false,
                "to_port": 0
              }
            ],
            "id": "sg-07a92b8336b623ebc",
            "ingress": [
              {
                "cidr_blocks": [],
                "description": "Redis from ECS",
                "from_port": 6379,
                "ipv6_cidr_blocks": [],
                "prefix_list_ids": [],
                "protocol": "tcp",
                "security_groups": [
                  "sg-0422b38f99e7b23ce"
                ],
                "self": false,
                "to_port": 6379
              }
            ],
            "name": "veribits-redis-sg",
            "name_prefix": "",
            "owner_id": "515966511618",
            "region": "us-east-1",
            "revoke_rules_on_delete": false,
            "tags": {
              "Name": "veribits-redis-sg"
            },
            "tags_all": {
              "Name": "veribits-redis-sg"
            },
            "timeouts": null,
            "vpc_id": "vpc-0c1b813880b3982a5"
          },
          "sensitive_attributes": [],
          "identity_schema_version": 0,
          "identity": {
            "account_id": "515966511618",
            "id": "sg-07a92b8336b623ebc",
            "region": "us-east-1"
          },
          "private": "eyJlMmJmYjczMC1lY2FhLTExZTYtOGY4OC0zNDM2M2JjN2M0YzAiOnsiY3JlYXRlIjo2MDAwMDAwMDAwMDAsImRlbGV0ZSI6OTAwMDAwMDAwMDAwfSwic2NoZW1hX3ZlcnNpb24iOiIxIn0=",
          "dependencies": [
            "aws_security_group.alb_sg",
            "aws_security_group.ecs_sg",
            "data.aws_vpc.afterdarksys"
          ]
        }
      ]
    },
    {
      "mode": "managed",
      "type": "aws_security_group_rule",
      "name": "veribits_to_db",
      "provider": "provider[\"registry.terraform.io/hashicorp/aws\"]",
      "instances": [
        {
          "schema_version": 2,
          "attributes": {
            "cidr_blocks": null,
            "description": "Allow VeriBits ECS tasks to access database",
            "from_port": 5432,
            "id": "sgrule-3627983718",
            "ipv6_cidr_blocks": null,
            "prefix_list_ids": null,
            "protocol": "tcp",
            "region": "us-east-1",
            "security_group_id": "sg-011e3c8ac8f73858b",
            "security_group_rule_id": "sgr-0b6cc1fb2419f4ece",
            "self": false,
            "source_security_group_id": "sg-0422b38f99e7b23ce",
            "timeouts": null,
            "to_port": 5432,
            "type": "ingress"
          },
          "sensitive_attributes": [],
          "identity_schema_version": 0,
          "private": "eyJlMmJmYjczMC1lY2FhLTExZTYtOGY4OC0zNDM2M2JjN2M0YzAiOnsiY3JlYXRlIjozMDAwMDAwMDAwMDB9LCJzY2hlbWFfdmVyc2lvbiI6IjIifQ==",
          "dependencies": [
            "aws_security_group.alb_sg",
            "aws_security_group.ecs_sg",
            "data.aws_db_instance.afterdarksys_pg",
            "data.aws_vpc.afterdarksys"
          ]
        }
      ]
    }
  ],
  "check_results": null
}
